
Microsoft Visual Studio Solution File, Format Version 12.00
# Visual Studio Version 17
VisualStudioVersion = 17.11.35312.102
MinimumVisualStudioVersion = 10.0.40219.1
Project("{9A19103F-16F7-4668-BE54-9A1E7A4F7556}") = "ConsoleApp2", "ConsoleApp2\ConsoleApp2.csproj", "{DF53273B-94A7-40A3-BE59-157AA1E001BD}"
EndProject
Project("{9A19103F-16F7-4668-BE54-9A1E7A4F7556}") = "Array", "Array\Array.csproj", "{94C90F26-C8CB-4612-9437-6DAB784F381D}"
EndProject
Project("{9A19103F-16F7-4668-BE54-9A1E7A4F7556}") = "Array2", "Array2\Array2.csproj", "{53402276-3D7D-4E08-8852-5481AE50E908}"
EndProject
Project("{9A19103F-16F7-4668-BE54-9A1E7A4F7556}") = "Array3", "Array3\Array3.csproj", "{388BE79C-5B5E-46AF-A7A2-142A85100DD0}"
EndProject
Project("{9A19103F-16F7-4668-BE54-9A1E7A4F7556}") = "String", "String\String.csproj", "{5E407872-0B26-4504-8361-D5BD1178FBB2}"
EndProject
Project("{9A19103F-16F7-4668-BE54-9A1E7A4F7556}") = "String2", "String2\String2.csproj", "{10FD123A-B608-4B34-B3BE-4C13484095F6}"
EndProject
Project("{9A19103F-16F7-4668-BE54-9A1E7A4F7556}") = "Class", "Class\Class.csproj", "{B19E8112-6530-46D9-97D1-D5FF25CD724A}"
EndProject
Project("{9A19103F-16F7-4668-BE54-9A1E7A4F7556}") = "File", "File\File.csproj", "{E895EE2C-142E-45E4-9186-E0F05DF5B021}"
EndProject
Project("{9A19103F-16F7-4668-BE54-9A1E7A4F7556}") = "Inheritance", "Inheritance\Inheritance.csproj", "{3C90FE5A-C2D3-49DF-A108-88FD81C49CFE}"
EndProject
Project("{9A19103F-16F7-4668-BE54-9A1E7A4F7556}") = "Abstract class", "Abstract class\Abstract class.csproj", "{F69E4D23-50D7-4063-BF3E-556BCC3B0ADF}"
EndProject
Project("{9A19103F-16F7-4668-BE54-9A1E7A4F7556}") = "StandartInterface", "StandartInterface\StandartInterface.csproj", "{A258E1E9-04DB-42AB-A19B-36A4EC4C1123}"
EndProject
Project("{9A19103F-16F7-4668-BE54-9A1E7A4F7556}") = "Interface", "Interface\Interface.csproj", "{9629831E-B10D-4CDA-9819-59979E8E10AF}"
EndProject
Project("{9A19103F-16F7-4668-BE54-9A1E7A4F7556}") = "Regular Expressions_5", "Regular-Expressions\Regular Expressions_5.csproj", "{5D2E00FC-5D32-4AC5-9343-5F24F8CFEC1C}"
EndProject
Project("{9A19103F-16F7-4668-BE54-9A1E7A4F7556}") = "Delegates+Events", "Delegates+Events\Delegates+Events.csproj", "{1C417723-5546-43B1-9F8E-7583595180BA}"
EndProject
Project("{9A19103F-16F7-4668-BE54-9A1E7A4F7556}") = "Anonymous-functions", "Anonymous-functions\Anonymous-functions.csproj", "{379AF5D4-5F7E-479D-93CD-ADB6FD191B99}"
EndProject
Project("{9A19103F-16F7-4668-BE54-9A1E7A4F7556}") = "Filtration LINQ", "Lazy Load in LINQ\Filtration LINQ.csproj", "{ABDCDEBA-EBAF-4F03-8907-EE1286960637}"
EndProject
Project("{9A19103F-16F7-4668-BE54-9A1E7A4F7556}") = "LINQ", "LINQ\LINQ.csproj", "{C21363F4-9EE8-4D38-B0A9-A94A8CA03DE1}"
EndProject
Project("{FAE04EC0-301F-11D3-BF4B-00C04F79EFBC}") = "LINQ Grouping", "LINQ Grouping\LINQ Grouping.csproj", "{2F9AFF2C-6AB7-4192-9F40-40E65AE2F4B9}"
EndProject
Project("{FAE04EC0-301F-11D3-BF4B-00C04F79EFBC}") = "LINQ Aggregate operations", "LINQ Aggregate operations\LINQ Aggregate operations.csproj", "{A9C1E5E6-5CCE-4CD4-A922-6F70F87E24EC}"
EndProject
Project("{FAE04EC0-301F-11D3-BF4B-00C04F79EFBC}") = "Inheritance. Delegates. Events. Lambda", "Inheritance. Delegates. Events. Lambda\Inheritance. Delegates. Events. Lambda.csproj", "{42CCD7AF-FC13-45FC-BC8F-BE77AA0B44AA}"
EndProject
Project("{FAE04EC0-301F-11D3-BF4B-00C04F79EFBC}") = "Serialization", "Serialization\Serialization.csproj", "{A5D71A10-7806-48C4-8F8C-8F8556319CD0}"
EndProject
Project("{FAE04EC0-301F-11D3-BF4B-00C04F79EFBC}") = "SearchFiles1", "SearchFiles1\SearchFiles1.csproj", "{5D42C6D6-503C-4B1E-A21B-3631F17DA41C}"
EndProject
Project("{FAE04EC0-301F-11D3-BF4B-00C04F79EFBC}") = "SearchFiles2", "SearchFiles2\SearchFiles2.csproj", "{AB27060A-8F9F-4883-9CB5-B772C8371D6F}"
EndProject
Global
	GlobalSection(SolutionConfigurationPlatforms) = preSolution
		Debug|Any CPU = Debug|Any CPU
		Release|Any CPU = Release|Any CPU
	EndGlobalSection
	GlobalSection(ProjectConfigurationPlatforms) = postSolution
		{DF53273B-94A7-40A3-BE59-157AA1E001BD}.Debug|Any CPU.ActiveCfg = Debug|Any CPU
		{DF53273B-94A7-40A3-BE59-157AA1E001BD}.Debug|Any CPU.Build.0 = Debug|Any CPU
		{DF53273B-94A7-40A3-BE59-157AA1E001BD}.Release|Any CPU.ActiveCfg = Release|Any CPU
		{DF53273B-94A7-40A3-BE59-157AA1E001BD}.Release|Any CPU.Build.0 = Release|Any CPU
		{94C90F26-C8CB-4612-9437-6DAB784F381D}.Debug|Any CPU.ActiveCfg = Debug|Any CPU
		{94C90F26-C8CB-4612-9437-6DAB784F381D}.Debug|Any CPU.Build.0 = Debug|Any CPU
		{94C90F26-C8CB-4612-9437-6DAB784F381D}.Release|Any CPU.ActiveCfg = Release|Any CPU
		{94C90F26-C8CB-4612-9437-6DAB784F381D}.Release|Any CPU.Build.0 = Release|Any CPU
		{53402276-3D7D-4E08-8852-5481AE50E908}.Debug|Any CPU.ActiveCfg = Debug|Any CPU
		{53402276-3D7D-4E08-8852-5481AE50E908}.Debug|Any CPU.Build.0 = Debug|Any CPU
		{53402276-3D7D-4E08-8852-5481AE50E908}.Release|Any CPU.ActiveCfg = Release|Any CPU
		{53402276-3D7D-4E08-8852-5481AE50E908}.Release|Any CPU.Build.0 = Release|Any CPU
		{388BE79C-5B5E-46AF-A7A2-142A85100DD0}.Debug|Any CPU.ActiveCfg = Debug|Any CPU
		{388BE79C-5B5E-46AF-A7A2-142A85100DD0}.Debug|Any CPU.Build.0 = Debug|Any CPU
		{388BE79C-5B5E-46AF-A7A2-142A85100DD0}.Release|Any CPU.ActiveCfg = Release|Any CPU
		{388BE79C-5B5E-46AF-A7A2-142A85100DD0}.Release|Any CPU.Build.0 = Release|Any CPU
		{5E407872-0B26-4504-8361-D5BD1178FBB2}.Debug|Any CPU.ActiveCfg = Debug|Any CPU
		{5E407872-0B26-4504-8361-D5BD1178FBB2}.Debug|Any CPU.Build.0 = Debug|Any CPU
		{5E407872-0B26-4504-8361-D5BD1178FBB2}.Release|Any CPU.ActiveCfg = Release|Any CPU
		{5E407872-0B26-4504-8361-D5BD1178FBB2}.Release|Any CPU.Build.0 = Release|Any CPU
		{10FD123A-B608-4B34-B3BE-4C13484095F6}.Debug|Any CPU.ActiveCfg = Debug|Any CPU
		{10FD123A-B608-4B34-B3BE-4C13484095F6}.Debug|Any CPU.Build.0 = Debug|Any CPU
		{10FD123A-B608-4B34-B3BE-4C13484095F6}.Release|Any CPU.ActiveCfg = Release|Any CPU
		{10FD123A-B608-4B34-B3BE-4C13484095F6}.Release|Any CPU.Build.0 = Release|Any CPU
		{B19E8112-6530-46D9-97D1-D5FF25CD724A}.Debug|Any CPU.ActiveCfg = Debug|Any CPU
		{B19E8112-6530-46D9-97D1-D5FF25CD724A}.Debug|Any CPU.Build.0 = Debug|Any CPU
		{B19E8112-6530-46D9-97D1-D5FF25CD724A}.Release|Any CPU.ActiveCfg = Release|Any CPU
		{B19E8112-6530-46D9-97D1-D5FF25CD724A}.Release|Any CPU.Build.0 = Release|Any CPU
		{E895EE2C-142E-45E4-9186-E0F05DF5B021}.Debug|Any CPU.ActiveCfg = Debug|Any CPU
		{E895EE2C-142E-45E4-9186-E0F05DF5B021}.Debug|Any CPU.Build.0 = Debug|Any CPU
		{E895EE2C-142E-45E4-9186-E0F05DF5B021}.Release|Any CPU.ActiveCfg = Release|Any CPU
		{E895EE2C-142E-45E4-9186-E0F05DF5B021}.Release|Any CPU.Build.0 = Release|Any CPU
		{3C90FE5A-C2D3-49DF-A108-88FD81C49CFE}.Debug|Any CPU.ActiveCfg = Debug|Any CPU
		{3C90FE5A-C2D3-49DF-A108-88FD81C49CFE}.Debug|Any CPU.Build.0 = Debug|Any CPU
		{3C90FE5A-C2D3-49DF-A108-88FD81C49CFE}.Release|Any CPU.ActiveCfg = Release|Any CPU
		{3C90FE5A-C2D3-49DF-A108-88FD81C49CFE}.Release|Any CPU.Build.0 = Release|Any CPU
		{F69E4D23-50D7-4063-BF3E-556BCC3B0ADF}.Debug|Any CPU.ActiveCfg = Debug|Any CPU
		{F69E4D23-50D7-4063-BF3E-556BCC3B0ADF}.Debug|Any CPU.Build.0 = Debug|Any CPU
		{F69E4D23-50D7-4063-BF3E-556BCC3B0ADF}.Release|Any CPU.ActiveCfg = Release|Any CPU
		{F69E4D23-50D7-4063-BF3E-556BCC3B0ADF}.Release|Any CPU.Build.0 = Release|Any CPU
		{A258E1E9-04DB-42AB-A19B-36A4EC4C1123}.Debug|Any CPU.ActiveCfg = Debug|Any CPU
		{A258E1E9-04DB-42AB-A19B-36A4EC4C1123}.Debug|Any CPU.Build.0 = Debug|Any CPU
		{A258E1E9-04DB-42AB-A19B-36A4EC4C1123}.Release|Any CPU.ActiveCfg = Release|Any CPU
		{A258E1E9-04DB-42AB-A19B-36A4EC4C1123}.Release|Any CPU.Build.0 = Release|Any CPU
		{9629831E-B10D-4CDA-9819-59979E8E10AF}.Debug|Any CPU.ActiveCfg = Debug|Any CPU
		{9629831E-B10D-4CDA-9819-59979E8E10AF}.Debug|Any CPU.Build.0 = Debug|Any CPU
		{9629831E-B10D-4CDA-9819-59979E8E10AF}.Release|Any CPU.ActiveCfg = Release|Any CPU
		{9629831E-B10D-4CDA-9819-59979E8E10AF}.Release|Any CPU.Build.0 = Release|Any CPU
		{5D2E00FC-5D32-4AC5-9343-5F24F8CFEC1C}.Debug|Any CPU.ActiveCfg = Debug|Any CPU
		{5D2E00FC-5D32-4AC5-9343-5F24F8CFEC1C}.Debug|Any CPU.Build.0 = Debug|Any CPU
		{5D2E00FC-5D32-4AC5-9343-5F24F8CFEC1C}.Release|Any CPU.ActiveCfg = Release|Any CPU
		{5D2E00FC-5D32-4AC5-9343-5F24F8CFEC1C}.Release|Any CPU.Build.0 = Release|Any CPU
		{1C417723-5546-43B1-9F8E-7583595180BA}.Debug|Any CPU.ActiveCfg = Debug|Any CPU
		{1C417723-5546-43B1-9F8E-7583595180BA}.Debug|Any CPU.Build.0 = Debug|Any CPU
		{1C417723-5546-43B1-9F8E-7583595180BA}.Release|Any CPU.ActiveCfg = Release|Any CPU
		{1C417723-5546-43B1-9F8E-7583595180BA}.Release|Any CPU.Build.0 = Release|Any CPU
		{379AF5D4-5F7E-479D-93CD-ADB6FD191B99}.Debug|Any CPU.ActiveCfg = Debug|Any CPU
		{379AF5D4-5F7E-479D-93CD-ADB6FD191B99}.Debug|Any CPU.Build.0 = Debug|Any CPU
		{379AF5D4-5F7E-479D-93CD-ADB6FD191B99}.Release|Any CPU.ActiveCfg = Release|Any CPU
		{379AF5D4-5F7E-479D-93CD-ADB6FD191B99}.Release|Any CPU.Build.0 = Release|Any CPU
		{ABDCDEBA-EBAF-4F03-8907-EE1286960637}.Debug|Any CPU.ActiveCfg = Debug|Any CPU
		{ABDCDEBA-EBAF-4F03-8907-EE1286960637}.Debug|Any CPU.Build.0 = Debug|Any CPU
		{ABDCDEBA-EBAF-4F03-8907-EE1286960637}.Release|Any CPU.ActiveCfg = Release|Any CPU
		{ABDCDEBA-EBAF-4F03-8907-EE1286960637}.Release|Any CPU.Build.0 = Release|Any CPU
		{C21363F4-9EE8-4D38-B0A9-A94A8CA03DE1}.Debug|Any CPU.ActiveCfg = Debug|Any CPU
		{C21363F4-9EE8-4D38-B0A9-A94A8CA03DE1}.Debug|Any CPU.Build.0 = Debug|Any CPU
		{C21363F4-9EE8-4D38-B0A9-A94A8CA03DE1}.Release|Any CPU.ActiveCfg = Release|Any CPU
		{C21363F4-9EE8-4D38-B0A9-A94A8CA03DE1}.Release|Any CPU.Build.0 = Release|Any CPU
		{2F9AFF2C-6AB7-4192-9F40-40E65AE2F4B9}.Debug|Any CPU.ActiveCfg = Debug|Any CPU
		{2F9AFF2C-6AB7-4192-9F40-40E65AE2F4B9}.Debug|Any CPU.Build.0 = Debug|Any CPU
		{2F9AFF2C-6AB7-4192-9F40-40E65AE2F4B9}.Release|Any CPU.ActiveCfg = Release|Any CPU
		{2F9AFF2C-6AB7-4192-9F40-40E65AE2F4B9}.Release|Any CPU.Build.0 = Release|Any CPU
		{A9C1E5E6-5CCE-4CD4-A922-6F70F87E24EC}.Debug|Any CPU.ActiveCfg = Debug|Any CPU
		{A9C1E5E6-5CCE-4CD4-A922-6F70F87E24EC}.Debug|Any CPU.Build.0 = Debug|Any CPU
		{A9C1E5E6-5CCE-4CD4-A922-6F70F87E24EC}.Release|Any CPU.ActiveCfg = Release|Any CPU
		{A9C1E5E6-5CCE-4CD4-A922-6F70F87E24EC}.Release|Any CPU.Build.0 = Release|Any CPU
		{42CCD7AF-FC13-45FC-BC8F-BE77AA0B44AA}.Debug|Any CPU.ActiveCfg = Debug|Any CPU
		{42CCD7AF-FC13-45FC-BC8F-BE77AA0B44AA}.Debug|Any CPU.Build.0 = Debug|Any CPU
		{42CCD7AF-FC13-45FC-BC8F-BE77AA0B44AA}.Release|Any CPU.ActiveCfg = Release|Any CPU
		{42CCD7AF-FC13-45FC-BC8F-BE77AA0B44AA}.Release|Any CPU.Build.0 = Release|Any CPU
		{A5D71A10-7806-48C4-8F8C-8F8556319CD0}.Debug|Any CPU.ActiveCfg = Debug|Any CPU
		{A5D71A10-7806-48C4-8F8C-8F8556319CD0}.Debug|Any CPU.Build.0 = Debug|Any CPU
		{A5D71A10-7806-48C4-8F8C-8F8556319CD0}.Release|Any CPU.ActiveCfg = Release|Any CPU
		{A5D71A10-7806-48C4-8F8C-8F8556319CD0}.Release|Any CPU.Build.0 = Release|Any CPU
		{5D42C6D6-503C-4B1E-A21B-3631F17DA41C}.Debug|Any CPU.ActiveCfg = Debug|Any CPU
		{5D42C6D6-503C-4B1E-A21B-3631F17DA41C}.Debug|Any CPU.Build.0 = Debug|Any CPU
		{5D42C6D6-503C-4B1E-A21B-3631F17DA41C}.Release|Any CPU.ActiveCfg = Release|Any CPU
		{5D42C6D6-503C-4B1E-A21B-3631F17DA41C}.Release|Any CPU.Build.0 = Release|Any CPU
		{AB27060A-8F9F-4883-9CB5-B772C8371D6F}.Debug|Any CPU.ActiveCfg = Debug|Any CPU
		{AB27060A-8F9F-4883-9CB5-B772C8371D6F}.Debug|Any CPU.Build.0 = Debug|Any CPU
		{AB27060A-8F9F-4883-9CB5-B772C8371D6F}.Release|Any CPU.ActiveCfg = Release|Any CPU
		{AB27060A-8F9F-4883-9CB5-B772C8371D6F}.Release|Any CPU.Build.0 = Release|Any CPU
	EndGlobalSection
	GlobalSection(SolutionProperties) = preSolution
		HideSolutionNode = FALSE
	EndGlobalSection
	GlobalSection(ExtensibilityGlobals) = postSolution
		SolutionGuid = {B16CA89E-7526-4BBD-8F10-C9FD6580556F}
	EndGlobalSection
EndGlobal
